// !$*UTF8*$!
{
	archiveVersion = 1;
	classes = {
	};
	objectVersion = 46;
	objects = {
/* Begin PBXBuildFile section */
		1D3623260D0F684500981E51 /* AppDelegate.m in Sources */ = {isa = PBXBuildFile; fileRef = 1D3623250D0F684500981E51 /* AppDelegate.m */; };
		1D60589B0D05DD56006BFB54 /* main.m in Sources */ = {isa = PBXBuildFile; fileRef = 29B97316FDCFA39411CA2CEA /* main.m */; };
		1F766FE113BBADB100FB74C0 /* Localizable.strings in Resources */ = {isa = PBXBuildFile; fileRef = 1F766FDC13BBADB100FB74C0 /* Localizable.strings */; };
		288765FD0DF74451002DB57D /* CoreGraphics.framework in Frameworks */ = {isa = PBXBuildFile; fileRef = 288765FC0DF74451002DB57D /* CoreGraphics.framework */; };
		301BF552109A68D80062928A /* libCordova.a in Frameworks */ = {isa = PBXBuildFile; fileRef = 301BF535109A57CC0062928A /* libCordova.a */; };
		302D95F114D2391D003F00A1 /* MainViewController.m in Sources */ = {isa = PBXBuildFile; fileRef = 302D95EF14D2391D003F00A1 /* MainViewController.m */; };
		302D95F214D2391D003F00A1 /* MainViewController.xib in Resources */ = {isa = PBXBuildFile; fileRef = 302D95F014D2391D003F00A1 /* MainViewController.xib */; };
		305D5FD1115AB8F900A74A75 /* MobileCoreServices.framework in Frameworks */ = {isa = PBXBuildFile; fileRef = 305D5FD0115AB8F900A74A75 /* MobileCoreServices.framework */; };
		3088BBBD154F3926009F9C59 /* Default-Landscape@2x~ipad.png in Resources */ = {isa = PBXBuildFile; fileRef = 3088BBB7154F3926009F9C59 /* Default-Landscape@2x~ipad.png */; };
		3088BBBE154F3926009F9C59 /* Default-Landscape~ipad.png in Resources */ = {isa = PBXBuildFile; fileRef = 3088BBB8154F3926009F9C59 /* Default-Landscape~ipad.png */; };
		3088BBBF154F3926009F9C59 /* Default-Portrait@2x~ipad.png in Resources */ = {isa = PBXBuildFile; fileRef = 3088BBB9154F3926009F9C59 /* Default-Portrait@2x~ipad.png */; };
		3088BBC0154F3926009F9C59 /* Default-Portrait~ipad.png in Resources */ = {isa = PBXBuildFile; fileRef = 3088BBBA154F3926009F9C59 /* Default-Portrait~ipad.png */; };
		3088BBC1154F3926009F9C59 /* Default@2x~iphone.png in Resources */ = {isa = PBXBuildFile; fileRef = 3088BBBB154F3926009F9C59 /* Default@2x~iphone.png */; };
		3088BBC2154F3926009F9C59 /* Default~iphone.png in Resources */ = {isa = PBXBuildFile; fileRef = 3088BBBC154F3926009F9C59 /* Default~iphone.png */; };
		308D05371370CCF300D202BF /* icon-72.png in Resources */ = {isa = PBXBuildFile; fileRef = 308D052E1370CCF300D202BF /* icon-72.png */; };
		308D05381370CCF300D202BF /* icon.png in Resources */ = {isa = PBXBuildFile; fileRef = 308D052F1370CCF300D202BF /* icon.png */; };
		308D05391370CCF300D202BF /* icon@2x.png in Resources */ = {isa = PBXBuildFile; fileRef = 308D05301370CCF300D202BF /* icon@2x.png */; };
		30A0434814DC770100060A13 /* Localizable.strings in Resources */ = {isa = PBXBuildFile; fileRef = 30A0434314DC770100060A13 /* Localizable.strings */; };
		30FC414916E50CA1004E6F35 /* icon-72@2x.png in Resources */ = {isa = PBXBuildFile; fileRef = 30FC414816E50CA1004E6F35 /* icon-72@2x.png */; };
		5AEE5B35173C68D80009041E /* CoreLocation.framework in Frameworks */ = {isa = PBXBuildFile; fileRef = 5AEE5B34173C68D80009041E /* CoreLocation.framework */; };
		5B1594DD16A7569C00FEF299 /* AssetsLibrary.framework in Frameworks */ = {isa = PBXBuildFile; fileRef = 5B1594DC16A7569C00FEF299 /* AssetsLibrary.framework */; };
		7E7966DE1810823500FA85AD /* icon-40.png in Resources */ = {isa = PBXBuildFile; fileRef = 7E7966D41810823500FA85AD /* icon-40.png */; };
		7E7966DF1810823500FA85AD /* icon-40@2x.png in Resources */ = {isa = PBXBuildFile; fileRef = 7E7966D51810823500FA85AD /* icon-40@2x.png */; };
		7E7966E01810823500FA85AD /* icon-50.png in Resources */ = {isa = PBXBuildFile; fileRef = 7E7966D61810823500FA85AD /* icon-50.png */; };
		7E7966E11810823500FA85AD /* icon-50@2x.png in Resources */ = {isa = PBXBuildFile; fileRef = 7E7966D71810823500FA85AD /* icon-50@2x.png */; };
		7E7966E21810823500FA85AD /* icon-60.png in Resources */ = {isa = PBXBuildFile; fileRef = 7E7966D81810823500FA85AD /* icon-60.png */; };
		7E7966E31810823500FA85AD /* icon-60@2x.png in Resources */ = {isa = PBXBuildFile; fileRef = 7E7966D91810823500FA85AD /* icon-60@2x.png */; };
		7E7966E41810823500FA85AD /* icon-76.png in Resources */ = {isa = PBXBuildFile; fileRef = 7E7966DA1810823500FA85AD /* icon-76.png */; };
		7E7966E51810823500FA85AD /* icon-76@2x.png in Resources */ = {isa = PBXBuildFile; fileRef = 7E7966DB1810823500FA85AD /* icon-76@2x.png */; };
		7E7966E61810823500FA85AD /* icon-small.png in Resources */ = {isa = PBXBuildFile; fileRef = 7E7966DC1810823500FA85AD /* icon-small.png */; };
		7E7966E71810823500FA85AD /* icon-small@2x.png in Resources */ = {isa = PBXBuildFile; fileRef = 7E7966DD1810823500FA85AD /* icon-small@2x.png */; };
		D4A0D8761607E02300AEF8BB /* Default-568h@2x~iphone.png in Resources */ = {isa = PBXBuildFile; fileRef = D4A0D8751607E02300AEF8BB /* Default-568h@2x~iphone.png */; };
		3F38EA2260B44D3CBA013A6F /* CDVAccelerometer.m in Sources */ = {isa = PBXBuildFile; fileRef = 9B5080E03DC24170AD7F7EA8 /* CDVAccelerometer.m */; };
		665B1804CDBF489FB8E51D4F /* CoreMotion.framework in Frameworks */ = {isa = PBXBuildFile; fileRef = E62168E02E474C489359EADD /* CoreMotion.framework */; };
		5454539C4D914A91987AD25C /* CDVCompass.m in Sources */ = {isa = PBXBuildFile; fileRef = 315CCA26687548ED8161AE09 /* CDVCompass.m */; };
		D5929EF28E834145894FF91A /* CDVLocation.m in Sources */ = {isa = PBXBuildFile; fileRef = 4ACBEA4DC13E402C8E3A47B3 /* CDVLocation.m */; };
		1899369447F049BA9676E9E5 /* CDVCamera.m in Sources */ = {isa = PBXBuildFile; fileRef = 6F0B6046CEBF432D8BFA4EF4 /* CDVCamera.m */; };
		CB8A52606F9A49A89B450E61 /* CDVJpegHeaderWriter.m in Sources */ = {isa = PBXBuildFile; fileRef = 7F15B9A0CED543E0B6644CBE /* CDVJpegHeaderWriter.m */; };
		D6419C6123AD408987EE0165 /* ImageIO.framework in Frameworks */ = {isa = PBXBuildFile; fileRef = 290069111941491E941D3861 /* ImageIO.framework */; settings = {ATTRIBUTES = (Weak, ); }; };
		BD90BA010735432D8424DB8E /* CDVFile.m in Sources */ = {isa = PBXBuildFile; fileRef = AE0EE47772BE454EB6FE8B47 /* CDVFile.m */; };
		7C0793344B864D41A98E5E71 /* CDVLocalFilesystem.m in Sources */ = {isa = PBXBuildFile; fileRef = C7C0103A18244668A7429D10 /* CDVLocalFilesystem.m */; };
		4B06CFDCC8494852ABB8E021 /* CDVAssetLibraryFilesystem.m in Sources */ = {isa = PBXBuildFile; fileRef = 748532C9A9484E22A03A5671 /* CDVAssetLibraryFilesystem.m */; };
		10969618ED4C4C598CD235F4 /* CDVCapture.m in Sources */ = {isa = PBXBuildFile; fileRef = 061FBB4C175B42B891378564 /* CDVCapture.m */; };
		ED95F9A2B42443258583E032 /* CDVCapture.bundle in Resources */ = {isa = PBXBuildFile; fileRef = AB178E56724E4A069337804C /* CDVCapture.bundle */; };
		1FF11316122747F9B170C629 /* CDVLogger.m in Sources */ = {isa = PBXBuildFile; fileRef = 7B1C49D2FCBD4EFA8DA2E726 /* CDVLogger.m */; };
		8EB600E614AB458289CC52B2 /* CDVDevice.m in Sources */ = {isa = PBXBuildFile; fileRef = B189496B63114D8C8E5BF43B /* CDVDevice.m */; };
		854B78ACF49C412CA30F0A1D /* FacebookConnectPlugin.m in Sources */ = {isa = PBXBuildFile; fileRef = 6D087B5FFB7C4B7F9343F689 /* FacebookConnectPlugin.m */; };
		B74E9BC1D811440DA16156A3 /* FacebookSDK-3.5.2-Release.a in Frameworks */ = {isa = PBXBuildFile; fileRef = E8C7A4A82D444AF2A6B87C5C /* FacebookSDK-3.5.2-Release.a */; };
		297EC366EF1449998C4E18BA /* FacebookSDK-3.5.2-Release.a in Frameworks */ = {isa = PBXBuildFile; fileRef = 76BAF0F856924036A284F0D2 /* FacebookSDK-3.5.2-Release.a */; };
		D06828F9DEEA4DEC96170066 /* FacebookSDKResources.bundle in Resources */ = {isa = PBXBuildFile; fileRef = 95242EE30EB94F0892E85095 /* FacebookSDKResources.bundle */; };
		0FAAB2BFCC7943AAB7C48846 /* FBUserSettingsViewResources.bundle in Resources */ = {isa = PBXBuildFile; fileRef = AE40D59F68D14AB5943E3D2E /* FBUserSettingsViewResources.bundle */; };
		365B9385E4194C4F890E559F /* libsqlite3.dylib in Frameworks */ = {isa = PBXBuildFile; fileRef = 6D3F451909F24814BE10B09F /* libsqlite3.dylib */; };
		36C9F879707144B1B2D1747C /* Social.framework in Frameworks */ = {isa = PBXBuildFile; fileRef = 63996B3CF9484F5DBD8DAA1D /* Social.framework */; settings = {ATTRIBUTES = (Weak, ); }; };
		C88089D424234F94933462D2 /* Accounts.framework in Frameworks */ = {isa = PBXBuildFile; fileRef = B84F6D86C63C4051BE2F781A /* Accounts.framework */; settings = {ATTRIBUTES = (Weak, ); }; };
		F6C6193BF3E24EE5B5616ADE /* AdSupport.framework in Frameworks */ = {isa = PBXBuildFile; fileRef = 58210473405349B79845A4C7 /* AdSupport.framework */; settings = {ATTRIBUTES = (Weak, ); }; };
		231E8BC9AC9E4749BE174D70 /* Security.framework in Frameworks */ = {isa = PBXBuildFile; fileRef = CE051287C109466F80184C95 /* Security.framework */; settings = {ATTRIBUTES = (Weak, ); }; };
/* End PBXBuildFile section */

/* Begin PBXContainerItemProxy section */
		301BF534109A57CC0062928A /* PBXContainerItemProxy */ = {
			isa = PBXContainerItemProxy;
			containerPortal = 301BF52D109A57CC0062928A /* CordovaLib.xcodeproj */;
			proxyType = 2;
			remoteGlobalIDString = D2AAC07E0554694100DB518D;
			remoteInfo = CordovaLib;
		};
		301BF550109A68C00062928A /* PBXContainerItemProxy */ = {
			isa = PBXContainerItemProxy;
			containerPortal = 301BF52D109A57CC0062928A /* CordovaLib.xcodeproj */;
			proxyType = 1;
			remoteGlobalIDString = D2AAC07D0554694100DB518D;
			remoteInfo = CordovaLib;
		};
/* End PBXContainerItemProxy section */

/* Begin PBXFileReference section */
		1D3623240D0F684500981E51 /* AppDelegate.h */ = {isa = PBXFileReference; fileEncoding = 4; lastKnownFileType = sourcecode.c.h; path = AppDelegate.h; sourceTree = "<group>"; };
		1D3623250D0F684500981E51 /* AppDelegate.m */ = {isa = PBXFileReference; fileEncoding = 4; lastKnownFileType = sourcecode.c.objc; path = AppDelegate.m; sourceTree = "<group>"; };
		1D6058910D05DD3D006BFB54 /* GeoMessages.app */ = {isa = PBXFileReference; explicitFileType = wrapper.application; includeInIndex = 0; path = "GeoMessages.app"; sourceTree = BUILT_PRODUCTS_DIR; };
		1F766FDD13BBADB100FB74C0 /* en */ = {isa = PBXFileReference; lastKnownFileType = text.plist.strings; name = en; path = Localizable.strings; sourceTree = "<group>"; };
		1F766FE013BBADB100FB74C0 /* es */ = {isa = PBXFileReference; lastKnownFileType = text.plist.strings; name = es; path = Localizable.strings; sourceTree = "<group>"; };
		288765FC0DF74451002DB57D /* CoreGraphics.framework */ = {isa = PBXFileReference; lastKnownFileType = wrapper.framework; name = CoreGraphics.framework; path = System/Library/Frameworks/CoreGraphics.framework; sourceTree = SDKROOT; };
		29B97316FDCFA39411CA2CEA /* main.m */ = {isa = PBXFileReference; fileEncoding = 4; lastKnownFileType = sourcecode.c.objc; path = main.m; sourceTree = "<group>"; };
		301BF52D109A57CC0062928A /* CordovaLib.xcodeproj */ = {isa = PBXFileReference; lastKnownFileType = "wrapper.pb-project"; name = CordovaLib.xcodeproj; path = "CordovaLib/CordovaLib.xcodeproj"; sourceTree = "<group>"; };
		301BF56E109A69640062928A /* www */ = {isa = PBXFileReference; lastKnownFileType = folder; path = www; sourceTree = SOURCE_ROOT; };
		302D95EE14D2391D003F00A1 /* MainViewController.h */ = {isa = PBXFileReference; fileEncoding = 4; lastKnownFileType = sourcecode.c.h; path = MainViewController.h; sourceTree = "<group>"; };
		302D95EF14D2391D003F00A1 /* MainViewController.m */ = {isa = PBXFileReference; fileEncoding = 4; lastKnownFileType = sourcecode.c.objc; path = MainViewController.m; sourceTree = "<group>"; };
		302D95F014D2391D003F00A1 /* MainViewController.xib */ = {isa = PBXFileReference; fileEncoding = 4; lastKnownFileType = file.xib; path = MainViewController.xib; sourceTree = "<group>"; };
		305D5FD0115AB8F900A74A75 /* MobileCoreServices.framework */ = {isa = PBXFileReference; lastKnownFileType = wrapper.framework; name = MobileCoreServices.framework; path = System/Library/Frameworks/MobileCoreServices.framework; sourceTree = SDKROOT; };
		3088BBB7154F3926009F9C59 /* Default-Landscape@2x~ipad.png */ = {isa = PBXFileReference; lastKnownFileType = image.png; path = "Default-Landscape@2x~ipad.png"; sourceTree = "<group>"; };
		3088BBB8154F3926009F9C59 /* Default-Landscape~ipad.png */ = {isa = PBXFileReference; lastKnownFileType = image.png; path = "Default-Landscape~ipad.png"; sourceTree = "<group>"; };
		3088BBB9154F3926009F9C59 /* Default-Portrait@2x~ipad.png */ = {isa = PBXFileReference; lastKnownFileType = image.png; path = "Default-Portrait@2x~ipad.png"; sourceTree = "<group>"; };
		3088BBBA154F3926009F9C59 /* Default-Portrait~ipad.png */ = {isa = PBXFileReference; lastKnownFileType = image.png; path = "Default-Portrait~ipad.png"; sourceTree = "<group>"; };
		3088BBBB154F3926009F9C59 /* Default@2x~iphone.png */ = {isa = PBXFileReference; lastKnownFileType = image.png; path = "Default@2x~iphone.png"; sourceTree = "<group>"; };
		3088BBBC154F3926009F9C59 /* Default~iphone.png */ = {isa = PBXFileReference; lastKnownFileType = image.png; path = "Default~iphone.png"; sourceTree = "<group>"; };
		308D052E1370CCF300D202BF /* icon-72.png */ = {isa = PBXFileReference; lastKnownFileType = image.png; path = "icon-72.png"; sourceTree = "<group>"; };
		308D052F1370CCF300D202BF /* icon.png */ = {isa = PBXFileReference; lastKnownFileType = image.png; path = icon.png; sourceTree = "<group>"; };
		308D05301370CCF300D202BF /* icon@2x.png */ = {isa = PBXFileReference; lastKnownFileType = image.png; path = "icon@2x.png"; sourceTree = "<group>"; };
		30A0434414DC770100060A13 /* de */ = {isa = PBXFileReference; lastKnownFileType = text.plist.strings; name = de; path = Localizable.strings; sourceTree = "<group>"; };
		30A0434714DC770100060A13 /* se */ = {isa = PBXFileReference; lastKnownFileType = text.plist.strings; name = se; path = Localizable.strings; sourceTree = "<group>"; };
		30FC414816E50CA1004E6F35 /* icon-72@2x.png */ = {isa = PBXFileReference; lastKnownFileType = image.png; path = "icon-72@2x.png"; sourceTree = "<group>"; };
		32CA4F630368D1EE00C91783 /* GeoMessages-Prefix.pch */ = {isa = PBXFileReference; fileEncoding = 4; lastKnownFileType = sourcecode.c.h; path = "GeoMessages-Prefix.pch"; sourceTree = "<group>"; };
		5AEE5B34173C68D80009041E /* CoreLocation.framework */ = {isa = PBXFileReference; lastKnownFileType = wrapper.framework; name = CoreLocation.framework; path = System/Library/Frameworks/CoreLocation.framework; sourceTree = SDKROOT; };
		5B1594DC16A7569C00FEF299 /* AssetsLibrary.framework */ = {isa = PBXFileReference; lastKnownFileType = wrapper.framework; name = AssetsLibrary.framework; path = System/Library/Frameworks/AssetsLibrary.framework; sourceTree = SDKROOT; };
		7E7966D41810823500FA85AD /* icon-40.png */ = {isa = PBXFileReference; lastKnownFileType = image.png; path = "icon-40.png"; sourceTree = "<group>"; };
		7E7966D51810823500FA85AD /* icon-40@2x.png */ = {isa = PBXFileReference; lastKnownFileType = image.png; path = "icon-40@2x.png"; sourceTree = "<group>"; };
		7E7966D61810823500FA85AD /* icon-50.png */ = {isa = PBXFileReference; lastKnownFileType = image.png; path = "icon-50.png"; sourceTree = "<group>"; };
		7E7966D71810823500FA85AD /* icon-50@2x.png */ = {isa = PBXFileReference; lastKnownFileType = image.png; path = "icon-50@2x.png"; sourceTree = "<group>"; };
		7E7966D81810823500FA85AD /* icon-60.png */ = {isa = PBXFileReference; lastKnownFileType = image.png; path = "icon-60.png"; sourceTree = "<group>"; };
		7E7966D91810823500FA85AD /* icon-60@2x.png */ = {isa = PBXFileReference; lastKnownFileType = image.png; path = "icon-60@2x.png"; sourceTree = "<group>"; };
		7E7966DA1810823500FA85AD /* icon-76.png */ = {isa = PBXFileReference; lastKnownFileType = image.png; path = "icon-76.png"; sourceTree = "<group>"; };
		7E7966DB1810823500FA85AD /* icon-76@2x.png */ = {isa = PBXFileReference; lastKnownFileType = image.png; path = "icon-76@2x.png"; sourceTree = "<group>"; };
		7E7966DC1810823500FA85AD /* icon-small.png */ = {isa = PBXFileReference; lastKnownFileType = image.png; path = "icon-small.png"; sourceTree = "<group>"; };
		7E7966DD1810823500FA85AD /* icon-small@2x.png */ = {isa = PBXFileReference; lastKnownFileType = image.png; path = "icon-small@2x.png"; sourceTree = "<group>"; };
		8D1107310486CEB800E47090 /* GeoMessages-Info.plist */ = {isa = PBXFileReference; fileEncoding = 4; lastKnownFileType = text.plist.xml; name = "GeoMessages-Info.plist"; path = "../GeoMessages-Info.plist"; plistStructureDefinitionIdentifier = "com.apple.xcode.plist.structure-definition.iphone.info-plist"; sourceTree = "<group>"; };
		D4A0D8751607E02300AEF8BB /* Default-568h@2x~iphone.png */ = {isa = PBXFileReference; lastKnownFileType = image.png; path = "Default-568h@2x~iphone.png"; sourceTree = "<group>"; };
		EB87FDF21871DA7A0020F90C /* merges */ = {isa = PBXFileReference; lastKnownFileType = folder; name = merges; path = ../../merges; sourceTree = "<group>"; };
		EB87FDF31871DA8E0020F90C /* www */ = {isa = PBXFileReference; lastKnownFileType = folder; name = www; path = ../../www; sourceTree = "<group>"; };
		EB87FDF41871DAF40020F90C /* config.xml */ = {isa = PBXFileReference; lastKnownFileType = text.xml; name = config.xml; path = ../../config.xml; sourceTree = "<group>"; };
		F840E1F0165FE0F500CFE078 /* config.xml */ = {isa = PBXFileReference; lastKnownFileType = text.xml; name = config.xml; path = "GeoMessages/config.xml"; sourceTree = "<group>"; };
		9B5080E03DC24170AD7F7EA8 /* CDVAccelerometer.m */ = {isa = PBXFileReference; lastKnownFileType = sourcecode.c.objc; name = "CDVAccelerometer.m"; path = "org.apache.cordova.device-motion/CDVAccelerometer.m"; sourceTree = "<group>"; fileEncoding = 4; };
		26476A48BE8F49A1BCD05EEC /* CDVAccelerometer.h */ = {isa = PBXFileReference; lastKnownFileType = sourcecode.c.h; name = "CDVAccelerometer.h"; path = "org.apache.cordova.device-motion/CDVAccelerometer.h"; sourceTree = "<group>"; fileEncoding = 4; };
		E62168E02E474C489359EADD /* CoreMotion.framework */ = {isa = PBXFileReference; lastKnownFileType = wrapper.framework; name = "CoreMotion.framework"; path = "System/Library/Frameworks/CoreMotion.framework"; sourceTree = SDKROOT; fileEncoding = 4; };
		315CCA26687548ED8161AE09 /* CDVCompass.m */ = {isa = PBXFileReference; lastKnownFileType = sourcecode.c.objc; name = "CDVCompass.m"; path = "org.apache.cordova.device-orientation/CDVCompass.m"; sourceTree = "<group>"; fileEncoding = 4; };
		75B980D7AA8F40A9A89C6364 /* CDVCompass.h */ = {isa = PBXFileReference; lastKnownFileType = sourcecode.c.h; name = "CDVCompass.h"; path = "org.apache.cordova.device-orientation/CDVCompass.h"; sourceTree = "<group>"; fileEncoding = 4; };
		4ACBEA4DC13E402C8E3A47B3 /* CDVLocation.m */ = {isa = PBXFileReference; lastKnownFileType = sourcecode.c.objc; name = "CDVLocation.m"; path = "org.apache.cordova.geolocation/CDVLocation.m"; sourceTree = "<group>"; fileEncoding = 4; };
		3B103888DD4B4840BDBF1748 /* CDVLocation.h */ = {isa = PBXFileReference; lastKnownFileType = sourcecode.c.h; name = "CDVLocation.h"; path = "org.apache.cordova.geolocation/CDVLocation.h"; sourceTree = "<group>"; fileEncoding = 4; };
		6F0B6046CEBF432D8BFA4EF4 /* CDVCamera.m */ = {isa = PBXFileReference; lastKnownFileType = sourcecode.c.objc; name = "CDVCamera.m"; path = "org.apache.cordova.camera/CDVCamera.m"; sourceTree = "<group>"; fileEncoding = 4; };
		7F15B9A0CED543E0B6644CBE /* CDVJpegHeaderWriter.m */ = {isa = PBXFileReference; lastKnownFileType = sourcecode.c.objc; name = "CDVJpegHeaderWriter.m"; path = "org.apache.cordova.camera/CDVJpegHeaderWriter.m"; sourceTree = "<group>"; fileEncoding = 4; };
		EFFC7FE0532A46C9B71928BE /* CDVCamera.h */ = {isa = PBXFileReference; lastKnownFileType = sourcecode.c.h; name = "CDVCamera.h"; path = "org.apache.cordova.camera/CDVCamera.h"; sourceTree = "<group>"; fileEncoding = 4; };
		BC4075050F664CA8B8E7856F /* CDVJpegHeaderWriter.h */ = {isa = PBXFileReference; lastKnownFileType = sourcecode.c.h; name = "CDVJpegHeaderWriter.h"; path = "org.apache.cordova.camera/CDVJpegHeaderWriter.h"; sourceTree = "<group>"; fileEncoding = 4; };
		6C91C79DC7304227BFBF319F /* CDVExif.h */ = {isa = PBXFileReference; lastKnownFileType = sourcecode.c.h; name = "CDVExif.h"; path = "org.apache.cordova.camera/CDVExif.h"; sourceTree = "<group>"; fileEncoding = 4; };
		290069111941491E941D3861 /* ImageIO.framework */ = {isa = PBXFileReference; lastKnownFileType = wrapper.framework; name = "ImageIO.framework"; path = "System/Library/Frameworks/ImageIO.framework"; sourceTree = SDKROOT; fileEncoding = 4; };
		AE0EE47772BE454EB6FE8B47 /* CDVFile.m */ = {isa = PBXFileReference; lastKnownFileType = sourcecode.c.objc; name = "CDVFile.m"; path = "org.apache.cordova.file/CDVFile.m"; sourceTree = "<group>"; fileEncoding = 4; };
		C7C0103A18244668A7429D10 /* CDVLocalFilesystem.m */ = {isa = PBXFileReference; lastKnownFileType = sourcecode.c.objc; name = "CDVLocalFilesystem.m"; path = "org.apache.cordova.file/CDVLocalFilesystem.m"; sourceTree = "<group>"; fileEncoding = 4; };
		748532C9A9484E22A03A5671 /* CDVAssetLibraryFilesystem.m */ = {isa = PBXFileReference; lastKnownFileType = sourcecode.c.objc; name = "CDVAssetLibraryFilesystem.m"; path = "org.apache.cordova.file/CDVAssetLibraryFilesystem.m"; sourceTree = "<group>"; fileEncoding = 4; };
		364EB6B167B24FCAAE477F92 /* CDVFile.h */ = {isa = PBXFileReference; lastKnownFileType = sourcecode.c.h; name = "CDVFile.h"; path = "org.apache.cordova.file/CDVFile.h"; sourceTree = "<group>"; fileEncoding = 4; };
		0A53930888A44A4984322B35 /* CDVLocalFilesystem.h */ = {isa = PBXFileReference; lastKnownFileType = sourcecode.c.h; name = "CDVLocalFilesystem.h"; path = "org.apache.cordova.file/CDVLocalFilesystem.h"; sourceTree = "<group>"; fileEncoding = 4; };
		C15AFABA69C74DEAA8323D30 /* CDVAssetLibraryFilesystem.h */ = {isa = PBXFileReference; lastKnownFileType = sourcecode.c.h; name = "CDVAssetLibraryFilesystem.h"; path = "org.apache.cordova.file/CDVAssetLibraryFilesystem.h"; sourceTree = "<group>"; fileEncoding = 4; };
		061FBB4C175B42B891378564 /* CDVCapture.m */ = {isa = PBXFileReference; lastKnownFileType = sourcecode.c.objc; name = "CDVCapture.m"; path = "org.apache.cordova.media-capture/CDVCapture.m"; sourceTree = "<group>"; fileEncoding = 4; };
		F9DCEB0D475A440C9601846D /* CDVCapture.h */ = {isa = PBXFileReference; lastKnownFileType = sourcecode.c.h; name = "CDVCapture.h"; path = "org.apache.cordova.media-capture/CDVCapture.h"; sourceTree = "<group>"; fileEncoding = 4; };
		AB178E56724E4A069337804C /* CDVCapture.bundle */ = {isa = PBXFileReference; lastKnownFileType = "wrapper.plug-in"; name = "CDVCapture.bundle"; path = "CDVCapture.bundle"; sourceTree = "<group>"; };
		7B1C49D2FCBD4EFA8DA2E726 /* CDVLogger.m */ = {isa = PBXFileReference; lastKnownFileType = sourcecode.c.objc; name = "CDVLogger.m"; path = "org.apache.cordova.console/CDVLogger.m"; sourceTree = "<group>"; fileEncoding = 4; };
		8E97F554FDC843E7AC14D11A /* CDVLogger.h */ = {isa = PBXFileReference; lastKnownFileType = sourcecode.c.h; name = "CDVLogger.h"; path = "org.apache.cordova.console/CDVLogger.h"; sourceTree = "<group>"; fileEncoding = 4; };
		B189496B63114D8C8E5BF43B /* CDVDevice.m */ = {isa = PBXFileReference; lastKnownFileType = sourcecode.c.objc; name = "CDVDevice.m"; path = "org.apache.cordova.device/CDVDevice.m"; sourceTree = "<group>"; fileEncoding = 4; };
		7EDBD699759641D3ADC91493 /* CDVDevice.h */ = {isa = PBXFileReference; lastKnownFileType = sourcecode.c.h; name = "CDVDevice.h"; path = "org.apache.cordova.device/CDVDevice.h"; sourceTree = "<group>"; fileEncoding = 4; };
		6D087B5FFB7C4B7F9343F689 /* FacebookConnectPlugin.m */ = {isa = PBXFileReference; lastKnownFileType = sourcecode.c.objc; name = "FacebookConnectPlugin.m"; path = "com.phonegap.plugins.facebookconnect/FacebookConnectPlugin.m"; sourceTree = "<group>"; fileEncoding = 4; };
		E8C7A4A82D444AF2A6B87C5C /* FacebookSDK-3.5.2-Release.a */ = {isa = PBXFileReference; lastKnownFileType = archive.ar; name = "FacebookSDK-3.5.2-Release.a"; path = "com.phonegap.plugins.facebookconnect/FacebookSDK-3.5.2-Release.a"; sourceTree = "<group>"; fileEncoding = 4; };
		76BAF0F856924036A284F0D2 /* FacebookSDK-3.5.2-Release.a */ = {isa = PBXFileReference; lastKnownFileType = archive.ar; name = "FacebookSDK-3.5.2-Release.a"; path = "GeoMessages/Plugins/com.phonegap.plugins.facebookconnect/FacebookSDK-3.5.2-Release.a"; sourceTree = "<group>"; fileEncoding = 4; };
		4D94A39836F749928BB11F46 /* FacebookConnectPlugin.h */ = {isa = PBXFileReference; lastKnownFileType = sourcecode.c.h; name = "FacebookConnectPlugin.h"; path = "com.phonegap.plugins.facebookconnect/FacebookConnectPlugin.h"; sourceTree = "<group>"; fileEncoding = 4; };
		3C7521A6A59C4ECDA92E5460 /* FBAccessTokenData.h */ = {isa = PBXFileReference; lastKnownFileType = sourcecode.c.h; name = "FBAccessTokenData.h"; path = "com.phonegap.plugins.facebookconnect/facebook/FBAccessTokenData.h"; sourceTree = "<group>"; fileEncoding = 4; };
		6C0F617280F34605B935AE37 /* FBAppCall.h */ = {isa = PBXFileReference; lastKnownFileType = sourcecode.c.h; name = "FBAppCall.h"; path = "com.phonegap.plugins.facebookconnect/facebook/FBAppCall.h"; sourceTree = "<group>"; fileEncoding = 4; };
		CFC5EC32AA114B7A88982393 /* FBAppLinkData.h */ = {isa = PBXFileReference; lastKnownFileType = sourcecode.c.h; name = "FBAppLinkData.h"; path = "com.phonegap.plugins.facebookconnect/facebook/FBAppLinkData.h"; sourceTree = "<group>"; fileEncoding = 4; };
		B7C1234C32A54051B41B4A61 /* FBCacheDescriptor.h */ = {isa = PBXFileReference; lastKnownFileType = sourcecode.c.h; name = "FBCacheDescriptor.h"; path = "com.phonegap.plugins.facebookconnect/facebook/FBCacheDescriptor.h"; sourceTree = "<group>"; fileEncoding = 4; };
		88A8E721FF054EA49427DFEE /* FBDialogs.h */ = {isa = PBXFileReference; lastKnownFileType = sourcecode.c.h; name = "FBDialogs.h"; path = "com.phonegap.plugins.facebookconnect/facebook/FBDialogs.h"; sourceTree = "<group>"; fileEncoding = 4; };
		147038FFEE944DED8E89E7F0 /* FBDialogsData.h */ = {isa = PBXFileReference; lastKnownFileType = sourcecode.c.h; name = "FBDialogsData.h"; path = "com.phonegap.plugins.facebookconnect/facebook/FBDialogsData.h"; sourceTree = "<group>"; fileEncoding = 4; };
		985AB018A85C4A06AC53601D /* FBDialogsParams.h */ = {isa = PBXFileReference; lastKnownFileType = sourcecode.c.h; name = "FBDialogsParams.h"; path = "com.phonegap.plugins.facebookconnect/facebook/FBDialogsParams.h"; sourceTree = "<group>"; fileEncoding = 4; };
		F61176E89380473E97C335CB /* FBError.h */ = {isa = PBXFileReference; lastKnownFileType = sourcecode.c.h; name = "FBError.h"; path = "com.phonegap.plugins.facebookconnect/facebook/FBError.h"; sourceTree = "<group>"; fileEncoding = 4; };
		5E3E820ACD1246A09031189C /* FBErrorUtility.h */ = {isa = PBXFileReference; lastKnownFileType = sourcecode.c.h; name = "FBErrorUtility.h"; path = "com.phonegap.plugins.facebookconnect/facebook/FBErrorUtility.h"; sourceTree = "<group>"; fileEncoding = 4; };
		245DD0490C714D478C74CCFD /* FBFrictionlessRecipientCache.h */ = {isa = PBXFileReference; lastKnownFileType = sourcecode.c.h; name = "FBFrictionlessRecipientCache.h"; path = "com.phonegap.plugins.facebookconnect/facebook/FBFrictionlessRecipientCache.h"; sourceTree = "<group>"; fileEncoding = 4; };
		DFE9F39E0207494A97C1C352 /* FBFriendPickerViewController.h */ = {isa = PBXFileReference; lastKnownFileType = sourcecode.c.h; name = "FBFriendPickerViewController.h"; path = "com.phonegap.plugins.facebookconnect/facebook/FBFriendPickerViewController.h"; sourceTree = "<group>"; fileEncoding = 4; };
		1E37BCC0DDAA42B7927758A4 /* FBGraphLocation.h */ = {isa = PBXFileReference; lastKnownFileType = sourcecode.c.h; name = "FBGraphLocation.h"; path = "com.phonegap.plugins.facebookconnect/facebook/FBGraphLocation.h"; sourceTree = "<group>"; fileEncoding = 4; };
		3E0CDF5A89BD46118A5B28DD /* FBGraphObject.h */ = {isa = PBXFileReference; lastKnownFileType = sourcecode.c.h; name = "FBGraphObject.h"; path = "com.phonegap.plugins.facebookconnect/facebook/FBGraphObject.h"; sourceTree = "<group>"; fileEncoding = 4; };
		7889678C77D748C1911206C9 /* FBGraphPlace.h */ = {isa = PBXFileReference; lastKnownFileType = sourcecode.c.h; name = "FBGraphPlace.h"; path = "com.phonegap.plugins.facebookconnect/facebook/FBGraphPlace.h"; sourceTree = "<group>"; fileEncoding = 4; };
		1CEA740C15284638BBA66A76 /* FBGraphUser.h */ = {isa = PBXFileReference; lastKnownFileType = sourcecode.c.h; name = "FBGraphUser.h"; path = "com.phonegap.plugins.facebookconnect/facebook/FBGraphUser.h"; sourceTree = "<group>"; fileEncoding = 4; };
		06CE264BB7F441A38FCB83C6 /* FBInsights.h */ = {isa = PBXFileReference; lastKnownFileType = sourcecode.c.h; name = "FBInsights.h"; path = "com.phonegap.plugins.facebookconnect/facebook/FBInsights.h"; sourceTree = "<group>"; fileEncoding = 4; };
		0C425429B94345ECA49EA529 /* FBLoginView.h */ = {isa = PBXFileReference; lastKnownFileType = sourcecode.c.h; name = "FBLoginView.h"; path = "com.phonegap.plugins.facebookconnect/facebook/FBLoginView.h"; sourceTree = "<group>"; fileEncoding = 4; };
		1DD822433B01486ABBB9E179 /* FBNativeDialogs.h */ = {isa = PBXFileReference; lastKnownFileType = sourcecode.c.h; name = "FBNativeDialogs.h"; path = "com.phonegap.plugins.facebookconnect/facebook/FBNativeDialogs.h"; sourceTree = "<group>"; fileEncoding = 4; };
		A9524C68F69940C2A6D9B35C /* FBOpenGraphAction.h */ = {isa = PBXFileReference; lastKnownFileType = sourcecode.c.h; name = "FBOpenGraphAction.h"; path = "com.phonegap.plugins.facebookconnect/facebook/FBOpenGraphAction.h"; sourceTree = "<group>"; fileEncoding = 4; };
		6E93ED6791BC446EAB7C98F3 /* FBOpenGraphActionShareDialogParams.h */ = {isa = PBXFileReference; lastKnownFileType = sourcecode.c.h; name = "FBOpenGraphActionShareDialogParams.h"; path = "com.phonegap.plugins.facebookconnect/facebook/FBOpenGraphActionShareDialogParams.h"; sourceTree = "<group>"; fileEncoding = 4; };
		7968592738A94B3587EB7007 /* FBOpenGraphObject.h */ = {isa = PBXFileReference; lastKnownFileType = sourcecode.c.h; name = "FBOpenGraphObject.h"; path = "com.phonegap.plugins.facebookconnect/facebook/FBOpenGraphObject.h"; sourceTree = "<group>"; fileEncoding = 4; };
		020F0404AFC7475F8BA46482 /* FBPlacePickerViewController.h */ = {isa = PBXFileReference; lastKnownFileType = sourcecode.c.h; name = "FBPlacePickerViewController.h"; path = "com.phonegap.plugins.facebookconnect/facebook/FBPlacePickerViewController.h"; sourceTree = "<group>"; fileEncoding = 4; };
		B5AA6B9DFB434824A50DDA09 /* FBProfilePictureView.h */ = {isa = PBXFileReference; lastKnownFileType = sourcecode.c.h; name = "FBProfilePictureView.h"; path = "com.phonegap.plugins.facebookconnect/facebook/FBProfilePictureView.h"; sourceTree = "<group>"; fileEncoding = 4; };
		1A9B6C334DF44500A7C9F920 /* FBRequest.h */ = {isa = PBXFileReference; lastKnownFileType = sourcecode.c.h; name = "FBRequest.h"; path = "com.phonegap.plugins.facebookconnect/facebook/FBRequest.h"; sourceTree = "<group>"; fileEncoding = 4; };
		0E246A11664B4BE68FBDDFDD /* FBRequestConnection.h */ = {isa = PBXFileReference; lastKnownFileType = sourcecode.c.h; name = "FBRequestConnection.h"; path = "com.phonegap.plugins.facebookconnect/facebook/FBRequestConnection.h"; sourceTree = "<group>"; fileEncoding = 4; };
		C90B5060A2F840158C7F9B40 /* FBSession.h */ = {isa = PBXFileReference; lastKnownFileType = sourcecode.c.h; name = "FBSession.h"; path = "com.phonegap.plugins.facebookconnect/facebook/FBSession.h"; sourceTree = "<group>"; fileEncoding = 4; };
		588C1C1077B4455EAE5C85E5 /* FBSessionTokenCachingStrategy.h */ = {isa = PBXFileReference; lastKnownFileType = sourcecode.c.h; name = "FBSessionTokenCachingStrategy.h"; path = "com.phonegap.plugins.facebookconnect/facebook/FBSessionTokenCachingStrategy.h"; sourceTree = "<group>"; fileEncoding = 4; };
		2504261269134FC8A0585333 /* FBSettings.h */ = {isa = PBXFileReference; lastKnownFileType = sourcecode.c.h; name = "FBSettings.h"; path = "com.phonegap.plugins.facebookconnect/facebook/FBSettings.h"; sourceTree = "<group>"; fileEncoding = 4; };
		D56D04B7308D4CEEB6FE7990 /* FBShareDialogParams.h */ = {isa = PBXFileReference; lastKnownFileType = sourcecode.c.h; name = "FBShareDialogParams.h"; path = "com.phonegap.plugins.facebookconnect/facebook/FBShareDialogParams.h"; sourceTree = "<group>"; fileEncoding = 4; };
		032711A05E204922BEE92F64 /* FBTestSession.h */ = {isa = PBXFileReference; lastKnownFileType = sourcecode.c.h; name = "FBTestSession.h"; path = "com.phonegap.plugins.facebookconnect/facebook/FBTestSession.h"; sourceTree = "<group>"; fileEncoding = 4; };
		4758B0A759294397B32E09D6 /* FBUserSettingsViewController.h */ = {isa = PBXFileReference; lastKnownFileType = sourcecode.c.h; name = "FBUserSettingsViewController.h"; path = "com.phonegap.plugins.facebookconnect/facebook/FBUserSettingsViewController.h"; sourceTree = "<group>"; fileEncoding = 4; };
		D9B0979593C84926AD2FA6AF /* FBViewController.h */ = {isa = PBXFileReference; lastKnownFileType = sourcecode.c.h; name = "FBViewController.h"; path = "com.phonegap.plugins.facebookconnect/facebook/FBViewController.h"; sourceTree = "<group>"; fileEncoding = 4; };
		3E9D0BE3E03E4A56B79692EC /* FBWebDialogs.h */ = {isa = PBXFileReference; lastKnownFileType = sourcecode.c.h; name = "FBWebDialogs.h"; path = "com.phonegap.plugins.facebookconnect/facebook/FBWebDialogs.h"; sourceTree = "<group>"; fileEncoding = 4; };
		0815D0888AE04956B143899F /* FacebookSDK.h */ = {isa = PBXFileReference; lastKnownFileType = sourcecode.c.h; name = "FacebookSDK.h"; path = "com.phonegap.plugins.facebookconnect/facebook/FacebookSDK.h"; sourceTree = "<group>"; fileEncoding = 4; };
		5EE24A21D10347FD9E677CCF /* NSError+FBError.h */ = {isa = PBXFileReference; lastKnownFileType = sourcecode.c.h; name = "NSError+FBError.h"; path = "com.phonegap.plugins.facebookconnect/facebook/NSError+FBError.h"; sourceTree = "<group>"; fileEncoding = 4; };
		95242EE30EB94F0892E85095 /* FacebookSDKResources.bundle */ = {isa = PBXFileReference; lastKnownFileType = "wrapper.plug-in"; name = "FacebookSDKResources.bundle"; path = "FacebookSDKResources.bundle"; sourceTree = "<group>"; };
		AE40D59F68D14AB5943E3D2E /* FBUserSettingsViewResources.bundle */ = {isa = PBXFileReference; lastKnownFileType = "wrapper.plug-in"; name = "FBUserSettingsViewResources.bundle"; path = "FBUserSettingsViewResources.bundle"; sourceTree = "<group>"; };
		6D3F451909F24814BE10B09F /* libsqlite3.dylib */ = {isa = PBXFileReference; lastKnownFileType = "compiled.mach-o.dylib"; name = "libsqlite3.dylib"; path = "usr/lib/libsqlite3.dylib"; sourceTree = SDKROOT; fileEncoding = 4; };
		63996B3CF9484F5DBD8DAA1D /* Social.framework */ = {isa = PBXFileReference; lastKnownFileType = wrapper.framework; name = "Social.framework"; path = "System/Library/Frameworks/Social.framework"; sourceTree = SDKROOT; fileEncoding = 4; };
		B84F6D86C63C4051BE2F781A /* Accounts.framework */ = {isa = PBXFileReference; lastKnownFileType = wrapper.framework; name = "Accounts.framework"; path = "System/Library/Frameworks/Accounts.framework"; sourceTree = SDKROOT; fileEncoding = 4; };
		58210473405349B79845A4C7 /* AdSupport.framework */ = {isa = PBXFileReference; lastKnownFileType = wrapper.framework; name = "AdSupport.framework"; path = "System/Library/Frameworks/AdSupport.framework"; sourceTree = SDKROOT; fileEncoding = 4; };
		CE051287C109466F80184C95 /* Security.framework */ = {isa = PBXFileReference; lastKnownFileType = wrapper.framework; name = "Security.framework"; path = "System/Library/Frameworks/Security.framework"; sourceTree = SDKROOT; fileEncoding = 4; };
/* End PBXFileReference section */

/* Begin PBXFrameworksBuildPhase section */
		1D60588F0D05DD3D006BFB54 /* Frameworks */ = {
			isa = PBXFrameworksBuildPhase;
			buildActionMask = 2147483647;
			files = (
				5B1594DD16A7569C00FEF299 /* AssetsLibrary.framework in Frameworks */,
				301BF552109A68D80062928A /* libCordova.a in Frameworks */,
				288765FD0DF74451002DB57D /* CoreGraphics.framework in Frameworks */,
				305D5FD1115AB8F900A74A75 /* MobileCoreServices.framework in Frameworks */,
				5AEE5B35173C68D80009041E /* CoreLocation.framework in Frameworks */,
				665B1804CDBF489FB8E51D4F /* CoreMotion.framework in Frameworks */,
				D6419C6123AD408987EE0165 /* ImageIO.framework in Frameworks */,
				297EC366EF1449998C4E18BA /* FacebookSDK-3.5.2-Release.a in Frameworks */,
				365B9385E4194C4F890E559F /* libsqlite3.dylib in Frameworks */,
				36C9F879707144B1B2D1747C /* Social.framework in Frameworks */,
				C88089D424234F94933462D2 /* Accounts.framework in Frameworks */,
				F6C6193BF3E24EE5B5616ADE /* AdSupport.framework in Frameworks */,
				231E8BC9AC9E4749BE174D70 /* Security.framework in Frameworks */,
			);
			runOnlyForDeploymentPostprocessing = 0;
		};
/* End PBXFrameworksBuildPhase section */

/* Begin PBXGroup section */
		080E96DDFE201D6D7F000001 /* Classes */ = {
			isa = PBXGroup;
			children = (
				302D95EE14D2391D003F00A1 /* MainViewController.h */,
				302D95EF14D2391D003F00A1 /* MainViewController.m */,
				302D95F014D2391D003F00A1 /* MainViewController.xib */,
				1D3623240D0F684500981E51 /* AppDelegate.h */,
				1D3623250D0F684500981E51 /* AppDelegate.m */,
			);
			name = Classes;
			path = "GeoMessages/Classes";
			sourceTree = SOURCE_ROOT;
		};
		19C28FACFE9D520D11CA2CBB /* Products */ = {
			isa = PBXGroup;
			children = (
				1D6058910D05DD3D006BFB54 /* GeoMessages.app */,
			);
			name = Products;
			sourceTree = "<group>";
		};
		1F766FDB13BBADB100FB74C0 /* en.lproj */ = {
			isa = PBXGroup;
			children = (
				1F766FDC13BBADB100FB74C0 /* Localizable.strings */,
			);
			path = en.lproj;
			sourceTree = "<group>";
		};
		1F766FDE13BBADB100FB74C0 /* es.lproj */ = {
			isa = PBXGroup;
			children = (
				1F766FDF13BBADB100FB74C0 /* Localizable.strings */,
			);
			path = es.lproj;
			sourceTree = "<group>";
		};
		29B97314FDCFA39411CA2CEA /* CustomTemplate */ = {
			isa = PBXGroup;
			children = (
				EB87FDF41871DAF40020F90C /* config.xml */,
				EB87FDF31871DA8E0020F90C /* www */,
				EB87FDF21871DA7A0020F90C /* merges */,
				EB87FDF11871DA420020F90C /* Staging */,
				301BF52D109A57CC0062928A /* CordovaLib.xcodeproj */,
				080E96DDFE201D6D7F000001 /* Classes */,
				307C750510C5A3420062BCA9 /* Plugins */,
				29B97315FDCFA39411CA2CEA /* Other Sources */,
				29B97317FDCFA39411CA2CEA /* Resources */,
				29B97323FDCFA39411CA2CEA /* Frameworks */,
				19C28FACFE9D520D11CA2CBB /* Products */,
			);
			name = CustomTemplate;
			sourceTree = "<group>";
		};
		29B97315FDCFA39411CA2CEA /* Other Sources */ = {
			isa = PBXGroup;
			children = (
				32CA4F630368D1EE00C91783 /* GeoMessages-Prefix.pch */,
				29B97316FDCFA39411CA2CEA /* main.m */,
			);
			name = "Other Sources";
			path = "GeoMessages";
			sourceTree = "<group>";
		};
		29B97317FDCFA39411CA2CEA /* Resources */ = {
			isa = PBXGroup;
			children = (
				30A0434214DC770100060A13 /* de.lproj */,
				30A0434514DC770100060A13 /* se.lproj */,
				1F766FDB13BBADB100FB74C0 /* en.lproj */,
				1F766FDE13BBADB100FB74C0 /* es.lproj */,
				308D052D1370CCF300D202BF /* icons */,
				308D05311370CCF300D202BF /* splash */,
				8D1107310486CEB800E47090 /* GeoMessages-Info.plist */,
				AB178E56724E4A069337804C /* CDVCapture.bundle */,
				95242EE30EB94F0892E85095 /* FacebookSDKResources.bundle */,
				AE40D59F68D14AB5943E3D2E /* FBUserSettingsViewResources.bundle */,
			);
			name = Resources;
			path = "GeoMessages/Resources";
			sourceTree = "<group>";
		};
		29B97323FDCFA39411CA2CEA /* Frameworks */ = {
			isa = PBXGroup;
			children = (
				5AEE5B34173C68D80009041E /* CoreLocation.framework */,
				5B1594DC16A7569C00FEF299 /* AssetsLibrary.framework */,
				288765FC0DF74451002DB57D /* CoreGraphics.framework */,
				305D5FD0115AB8F900A74A75 /* MobileCoreServices.framework */,
				E62168E02E474C489359EADD /* CoreMotion.framework */,
				290069111941491E941D3861 /* ImageIO.framework */,
				76BAF0F856924036A284F0D2 /* FacebookSDK-3.5.2-Release.a */,
				6D3F451909F24814BE10B09F /* libsqlite3.dylib */,
				63996B3CF9484F5DBD8DAA1D /* Social.framework */,
				B84F6D86C63C4051BE2F781A /* Accounts.framework */,
				58210473405349B79845A4C7 /* AdSupport.framework */,
				CE051287C109466F80184C95 /* Security.framework */,
			);
			name = Frameworks;
			sourceTree = "<group>";
		};
		301BF52E109A57CC0062928A /* Products */ = {
			isa = PBXGroup;
			children = (
				301BF535109A57CC0062928A /* libCordova.a */,
			);
			name = Products;
			sourceTree = "<group>";
		};
		307C750510C5A3420062BCA9 /* Plugins */ = {
			isa = PBXGroup;
			children = (
				9B5080E03DC24170AD7F7EA8 /* CDVAccelerometer.m */,
				26476A48BE8F49A1BCD05EEC /* CDVAccelerometer.h */,
				315CCA26687548ED8161AE09 /* CDVCompass.m */,
				75B980D7AA8F40A9A89C6364 /* CDVCompass.h */,
				4ACBEA4DC13E402C8E3A47B3 /* CDVLocation.m */,
				3B103888DD4B4840BDBF1748 /* CDVLocation.h */,
				6F0B6046CEBF432D8BFA4EF4 /* CDVCamera.m */,
				7F15B9A0CED543E0B6644CBE /* CDVJpegHeaderWriter.m */,
				EFFC7FE0532A46C9B71928BE /* CDVCamera.h */,
				BC4075050F664CA8B8E7856F /* CDVJpegHeaderWriter.h */,
				6C91C79DC7304227BFBF319F /* CDVExif.h */,
				AE0EE47772BE454EB6FE8B47 /* CDVFile.m */,
				C7C0103A18244668A7429D10 /* CDVLocalFilesystem.m */,
				748532C9A9484E22A03A5671 /* CDVAssetLibraryFilesystem.m */,
				364EB6B167B24FCAAE477F92 /* CDVFile.h */,
				0A53930888A44A4984322B35 /* CDVLocalFilesystem.h */,
				C15AFABA69C74DEAA8323D30 /* CDVAssetLibraryFilesystem.h */,
				061FBB4C175B42B891378564 /* CDVCapture.m */,
				F9DCEB0D475A440C9601846D /* CDVCapture.h */,
				7B1C49D2FCBD4EFA8DA2E726 /* CDVLogger.m */,
				8E97F554FDC843E7AC14D11A /* CDVLogger.h */,
				B189496B63114D8C8E5BF43B /* CDVDevice.m */,
				7EDBD699759641D3ADC91493 /* CDVDevice.h */,
				6D087B5FFB7C4B7F9343F689 /* FacebookConnectPlugin.m */,
				E8C7A4A82D444AF2A6B87C5C /* FacebookSDK-3.5.2-Release.a */,
				4D94A39836F749928BB11F46 /* FacebookConnectPlugin.h */,
				3C7521A6A59C4ECDA92E5460 /* FBAccessTokenData.h */,
				6C0F617280F34605B935AE37 /* FBAppCall.h */,
				CFC5EC32AA114B7A88982393 /* FBAppLinkData.h */,
				B7C1234C32A54051B41B4A61 /* FBCacheDescriptor.h */,
				88A8E721FF054EA49427DFEE /* FBDialogs.h */,
				147038FFEE944DED8E89E7F0 /* FBDialogsData.h */,
				985AB018A85C4A06AC53601D /* FBDialogsParams.h */,
				F61176E89380473E97C335CB /* FBError.h */,
				5E3E820ACD1246A09031189C /* FBErrorUtility.h */,
				245DD0490C714D478C74CCFD /* FBFrictionlessRecipientCache.h */,
				DFE9F39E0207494A97C1C352 /* FBFriendPickerViewController.h */,
				1E37BCC0DDAA42B7927758A4 /* FBGraphLocation.h */,
				3E0CDF5A89BD46118A5B28DD /* FBGraphObject.h */,
				7889678C77D748C1911206C9 /* FBGraphPlace.h */,
				1CEA740C15284638BBA66A76 /* FBGraphUser.h */,
				06CE264BB7F441A38FCB83C6 /* FBInsights.h */,
				0C425429B94345ECA49EA529 /* FBLoginView.h */,
				1DD822433B01486ABBB9E179 /* FBNativeDialogs.h */,
				A9524C68F69940C2A6D9B35C /* FBOpenGraphAction.h */,
				6E93ED6791BC446EAB7C98F3 /* FBOpenGraphActionShareDialogParams.h */,
				7968592738A94B3587EB7007 /* FBOpenGraphObject.h */,
				020F0404AFC7475F8BA46482 /* FBPlacePickerViewController.h */,
				B5AA6B9DFB434824A50DDA09 /* FBProfilePictureView.h */,
				1A9B6C334DF44500A7C9F920 /* FBRequest.h */,
				0E246A11664B4BE68FBDDFDD /* FBRequestConnection.h */,
				C90B5060A2F840158C7F9B40 /* FBSession.h */,
				588C1C1077B4455EAE5C85E5 /* FBSessionTokenCachingStrategy.h */,
				2504261269134FC8A0585333 /* FBSettings.h */,
				D56D04B7308D4CEEB6FE7990 /* FBShareDialogParams.h */,
				032711A05E204922BEE92F64 /* FBTestSession.h */,
				4758B0A759294397B32E09D6 /* FBUserSettingsViewController.h */,
				D9B0979593C84926AD2FA6AF /* FBViewController.h */,
				3E9D0BE3E03E4A56B79692EC /* FBWebDialogs.h */,
				0815D0888AE04956B143899F /* FacebookSDK.h */,
				5EE24A21D10347FD9E677CCF /* NSError+FBError.h */,
			);
			name = Plugins;
			path = "GeoMessages/Plugins";
			sourceTree = SOURCE_ROOT;
		};
		308D052D1370CCF300D202BF /* icons */ = {
			isa = PBXGroup;
			children = (
				7E7966D41810823500FA85AD /* icon-40.png */,
				7E7966D51810823500FA85AD /* icon-40@2x.png */,
				7E7966D61810823500FA85AD /* icon-50.png */,
				7E7966D71810823500FA85AD /* icon-50@2x.png */,
				7E7966D81810823500FA85AD /* icon-60.png */,
				7E7966D91810823500FA85AD /* icon-60@2x.png */,
				7E7966DA1810823500FA85AD /* icon-76.png */,
				7E7966DB1810823500FA85AD /* icon-76@2x.png */,
				7E7966DC1810823500FA85AD /* icon-small.png */,
				7E7966DD1810823500FA85AD /* icon-small@2x.png */,
				30FC414816E50CA1004E6F35 /* icon-72@2x.png */,
				308D052E1370CCF300D202BF /* icon-72.png */,
				308D052F1370CCF300D202BF /* icon.png */,
				308D05301370CCF300D202BF /* icon@2x.png */,
			);
			path = icons;
			sourceTree = "<group>";
		};
		308D05311370CCF300D202BF /* splash */ = {
			isa = PBXGroup;
			children = (
				D4A0D8751607E02300AEF8BB /* Default-568h@2x~iphone.png */,
				3088BBB7154F3926009F9C59 /* Default-Landscape@2x~ipad.png */,
				3088BBB8154F3926009F9C59 /* Default-Landscape~ipad.png */,
				3088BBB9154F3926009F9C59 /* Default-Portrait@2x~ipad.png */,
				3088BBBA154F3926009F9C59 /* Default-Portrait~ipad.png */,
				3088BBBB154F3926009F9C59 /* Default@2x~iphone.png */,
				3088BBBC154F3926009F9C59 /* Default~iphone.png */,
			);
			path = splash;
			sourceTree = "<group>";
		};
		30A0434214DC770100060A13 /* de.lproj */ = {
			isa = PBXGroup;
			children = (
				30A0434314DC770100060A13 /* Localizable.strings */,
			);
			path = de.lproj;
			sourceTree = "<group>";
		};
		30A0434514DC770100060A13 /* se.lproj */ = {
			isa = PBXGroup;
			children = (
				30A0434614DC770100060A13 /* Localizable.strings */,
			);
			path = se.lproj;
			sourceTree = "<group>";
		};
		EB87FDF11871DA420020F90C /* Staging */ = {
			isa = PBXGroup;
			children = (
				F840E1F0165FE0F500CFE078 /* config.xml */,
				301BF56E109A69640062928A /* www */,
			);
			name = Staging;
			sourceTree = "<group>";
		};
/* End PBXGroup section */

/* Begin PBXNativeTarget section */
		1D6058900D05DD3D006BFB54 /* GeoMessages */ = {
			isa = PBXNativeTarget;
			buildConfigurationList = 1D6058960D05DD3E006BFB54 /* Build configuration list for PBXNativeTarget "GeoMessages" */;
			buildPhases = (
				304B58A110DAC018002A0835 /* Copy www directory */,
				1D60588D0D05DD3D006BFB54 /* Resources */,
				1D60588E0D05DD3D006BFB54 /* Sources */,
				1D60588F0D05DD3D006BFB54 /* Frameworks */,
			);
			buildRules = (
			);
			dependencies = (
				301BF551109A68C00062928A /* PBXTargetDependency */,
			);
			name = "GeoMessages";
			productName = "GeoMessages";
			productReference = 1D6058910D05DD3D006BFB54 /* GeoMessages.app */;
			productType = "com.apple.product-type.application";
		};
/* End PBXNativeTarget section */

/* Begin PBXProject section */
		29B97313FDCFA39411CA2CEA /* Project object */ = {
			isa = PBXProject;
			attributes = {
				LastUpgradeCheck = 500;
			};
			buildConfigurationList = C01FCF4E08A954540054247B /* Build configuration list for PBXProject "__CLI__" */;
			compatibilityVersion = "Xcode 3.2";
			developmentRegion = English;
			hasScannedForEncodings = 1;
			knownRegions = (
				English,
				Japanese,
				French,
				German,
				en,
				es,
				de,
				se,
			);
			mainGroup = 29B97314FDCFA39411CA2CEA /* CustomTemplate */;
			projectDirPath = "";
			projectReferences = (
				{
					ProductGroup = 301BF52E109A57CC0062928A /* Products */;
					ProjectRef = 301BF52D109A57CC0062928A /* CordovaLib.xcodeproj */;
				},
			);
			projectRoot = "";
			targets = (
				1D6058900D05DD3D006BFB54 /* GeoMessages */,
			);
		};
/* End PBXProject section */

/* Begin PBXReferenceProxy section */
		301BF535109A57CC0062928A /* libCordova.a */ = {
			isa = PBXReferenceProxy;
			fileType = archive.ar;
			path = libCordova.a;
			remoteRef = 301BF534109A57CC0062928A /* PBXContainerItemProxy */;
			sourceTree = BUILT_PRODUCTS_DIR;
		};
/* End PBXReferenceProxy section */

/* Begin PBXResourcesBuildPhase section */
		1D60588D0D05DD3D006BFB54 /* Resources */ = {
			isa = PBXResourcesBuildPhase;
			buildActionMask = 2147483647;
			files = (
				7E7966E41810823500FA85AD /* icon-76.png in Resources */,
				7E7966DF1810823500FA85AD /* icon-40@2x.png in Resources */,
				308D05371370CCF300D202BF /* icon-72.png in Resources */,
				308D05381370CCF300D202BF /* icon.png in Resources */,
				308D05391370CCF300D202BF /* icon@2x.png in Resources */,
				1F766FE113BBADB100FB74C0 /* Localizable.strings in Resources */,
				302D95F214D2391D003F00A1 /* MainViewController.xib in Resources */,
				7E7966E01810823500FA85AD /* icon-50.png in Resources */,
				7E7966E31810823500FA85AD /* icon-60@2x.png in Resources */,
				30A0434814DC770100060A13 /* Localizable.strings in Resources */,
				7E7966E61810823500FA85AD /* icon-small.png in Resources */,
				3088BBBD154F3926009F9C59 /* Default-Landscape@2x~ipad.png in Resources */,
				3088BBBE154F3926009F9C59 /* Default-Landscape~ipad.png in Resources */,
				3088BBBF154F3926009F9C59 /* Default-Portrait@2x~ipad.png in Resources */,
				7E7966E71810823500FA85AD /* icon-small@2x.png in Resources */,
				3088BBC0154F3926009F9C59 /* Default-Portrait~ipad.png in Resources */,
				7E7966DE1810823500FA85AD /* icon-40.png in Resources */,
				3088BBC1154F3926009F9C59 /* Default@2x~iphone.png in Resources */,
				7E7966E21810823500FA85AD /* icon-60.png in Resources */,
				3088BBC2154F3926009F9C59 /* Default~iphone.png in Resources */,
				D4A0D8761607E02300AEF8BB /* Default-568h@2x~iphone.png in Resources */,
				7E7966E11810823500FA85AD /* icon-50@2x.png in Resources */,
				7E7966E51810823500FA85AD /* icon-76@2x.png in Resources */,
				30FC414916E50CA1004E6F35 /* icon-72@2x.png in Resources */,
				ED95F9A2B42443258583E032 /* CDVCapture.bundle in Resources */,
				D06828F9DEEA4DEC96170066 /* FacebookSDKResources.bundle in Resources */,
				0FAAB2BFCC7943AAB7C48846 /* FBUserSettingsViewResources.bundle in Resources */,
			);
			runOnlyForDeploymentPostprocessing = 0;
		};
/* End PBXResourcesBuildPhase section */

/* Begin PBXShellScriptBuildPhase section */
		304B58A110DAC018002A0835 /* Copy www directory */ = {
			isa = PBXShellScriptBuildPhase;
			buildActionMask = 2147483647;
			files = (
			);
			inputPaths = (
			);
			name = "Copy www directory";
			outputPaths = (
			);
			runOnlyForDeploymentPostprocessing = 0;
			shellPath = /bin/sh;
			shellScript = "cordova/lib/copy-www-build-step.sh";
			showEnvVarsInLog = 0;
		};
/* End PBXShellScriptBuildPhase section */

/* Begin PBXSourcesBuildPhase section */
		1D60588E0D05DD3D006BFB54 /* Sources */ = {
			isa = PBXSourcesBuildPhase;
			buildActionMask = 2147483647;
			files = (
				1D60589B0D05DD56006BFB54 /* main.m in Sources */,
				1D3623260D0F684500981E51 /* AppDelegate.m in Sources */,
				302D95F114D2391D003F00A1 /* MainViewController.m in Sources */,
				3F38EA2260B44D3CBA013A6F /* CDVAccelerometer.m in Sources */,
				5454539C4D914A91987AD25C /* CDVCompass.m in Sources */,
				D5929EF28E834145894FF91A /* CDVLocation.m in Sources */,
				1899369447F049BA9676E9E5 /* CDVCamera.m in Sources */,
				CB8A52606F9A49A89B450E61 /* CDVJpegHeaderWriter.m in Sources */,
				BD90BA010735432D8424DB8E /* CDVFile.m in Sources */,
				7C0793344B864D41A98E5E71 /* CDVLocalFilesystem.m in Sources */,
				4B06CFDCC8494852ABB8E021 /* CDVAssetLibraryFilesystem.m in Sources */,
				10969618ED4C4C598CD235F4 /* CDVCapture.m in Sources */,
				1FF11316122747F9B170C629 /* CDVLogger.m in Sources */,
				8EB600E614AB458289CC52B2 /* CDVDevice.m in Sources */,
				854B78ACF49C412CA30F0A1D /* FacebookConnectPlugin.m in Sources */,
				B74E9BC1D811440DA16156A3 /* FacebookSDK-3.5.2-Release.a in Frameworks */,
			);
			runOnlyForDeploymentPostprocessing = 0;
		};
/* End PBXSourcesBuildPhase section */

/* Begin PBXTargetDependency section */
		301BF551109A68C00062928A /* PBXTargetDependency */ = {
			isa = PBXTargetDependency;
			name = CordovaLib;
			targetProxy = 301BF550109A68C00062928A /* PBXContainerItemProxy */;
		};
/* End PBXTargetDependency section */

/* Begin PBXVariantGroup section */
		1F766FDC13BBADB100FB74C0 /* Localizable.strings */ = {
			isa = PBXVariantGroup;
			children = (
				1F766FDD13BBADB100FB74C0 /* en */,
			);
			name = Localizable.strings;
			sourceTree = "<group>";
		};
		1F766FDF13BBADB100FB74C0 /* Localizable.strings */ = {
			isa = PBXVariantGroup;
			children = (
				1F766FE013BBADB100FB74C0 /* es */,
			);
			name = Localizable.strings;
			sourceTree = "<group>";
		};
		30A0434314DC770100060A13 /* Localizable.strings */ = {
			isa = PBXVariantGroup;
			children = (
				30A0434414DC770100060A13 /* de */,
			);
			name = Localizable.strings;
			sourceTree = "<group>";
		};
		30A0434614DC770100060A13 /* Localizable.strings */ = {
			isa = PBXVariantGroup;
			children = (
				30A0434714DC770100060A13 /* se */,
			);
			name = Localizable.strings;
			sourceTree = "<group>";
		};
/* End PBXVariantGroup section */

/* Begin XCBuildConfiguration section */
		1D6058940D05DD3E006BFB54 /* Debug */ = {
			isa = XCBuildConfiguration;
			buildSettings = {
				ALWAYS_SEARCH_USER_PATHS = NO;
				CLANG_ENABLE_OBJC_ARC = YES;
				COPY_PHASE_STRIP = NO;
				GCC_DYNAMIC_NO_PIC = NO;
				GCC_OPTIMIZATION_LEVEL = 0;
				GCC_PRECOMPILE_PREFIX_HEADER = YES;
				GCC_PREFIX_HEADER = "GeoMessages/GeoMessages-Prefix.pch";
				GCC_THUMB_SUPPORT = NO;
				GCC_VERSION = "";
				INFOPLIST_FILE = "GeoMessages/GeoMessages-Info.plist";
				IPHONEOS_DEPLOYMENT_TARGET = 5.0;
				OTHER_LDFLAGS = (
					"-weak_framework",
					CoreFoundation,
					"-weak_framework",
					UIKit,
					"-weak_framework",
					AVFoundation,
					"-weak_framework",
					CoreMedia,
					"-weak-lSystem",
					"-force_load",
					"\"$(BUILT_PRODUCTS_DIR)/libCordova.a\"",
					"-ObjC",
				);
				PRODUCT_NAME = "GeoMessages";
				TARGETED_DEVICE_FAMILY = "1,2";
				LIBRARY_SEARCH_PATHS = (
					"$(inherited)",
					"\"$(SRCROOT)/GeoMessages/Plugins/com.phonegap.plugins.facebookconnect\"",
				);
			};
			name = Debug;
		};
		1D6058950D05DD3E006BFB54 /* Release */ = {
			isa = XCBuildConfiguration;
			buildSettings = {
				ALWAYS_SEARCH_USER_PATHS = NO;
				CLANG_ENABLE_OBJC_ARC = YES;
				COPY_PHASE_STRIP = YES;
				GCC_PRECOMPILE_PREFIX_HEADER = YES;
				GCC_PREFIX_HEADER = "GeoMessages/GeoMessages-Prefix.pch";
				GCC_THUMB_SUPPORT = NO;
				GCC_VERSION = "";
				INFOPLIST_FILE = "GeoMessages/GeoMessages-Info.plist";
				IPHONEOS_DEPLOYMENT_TARGET = 5.0;
				OTHER_LDFLAGS = (
					"-weak_framework",
					CoreFoundation,
					"-weak_framework",
					UIKit,
					"-weak_framework",
					AVFoundation,
					"-weak_framework",
					CoreMedia,
					"-weak-lSystem",
					"-force_load",
					"\"$(BUILT_PRODUCTS_DIR)/libCordova.a\"",
					"-ObjC",
				);
				PRODUCT_NAME = "GeoMessages";
				TARGETED_DEVICE_FAMILY = "1,2";
				LIBRARY_SEARCH_PATHS = (
					"$(inherited)",
					"\"$(SRCROOT)/GeoMessages/Plugins/com.phonegap.plugins.facebookconnect\"",
				);
			};
			name = Release;
		};
		C01FCF4F08A954540054247B /* Debug */ = {
			isa = XCBuildConfiguration;
			buildSettings = {
				CLANG_ENABLE_OBJC_ARC = YES;
				CLANG_WARN_BOOL_CONVERSION = YES;
				CLANG_WARN_CONSTANT_CONVERSION = YES;
				CLANG_WARN_EMPTY_BODY = YES;
				CLANG_WARN_ENUM_CONVERSION = YES;
				CLANG_WARN_INT_CONVERSION = YES;
				CLANG_WARN__DUPLICATE_METHOD_MATCH = YES;
				"CODE_SIGN_IDENTITY[sdk=iphoneos*]" = "iPhone Developer";
				GCC_C_LANGUAGE_STANDARD = c99;
				GCC_THUMB_SUPPORT = NO;
				GCC_VERSION = "";
				GCC_WARN_ABOUT_RETURN_TYPE = YES;
				GCC_WARN_UNDECLARED_SELECTOR = YES;
				GCC_WARN_UNINITIALIZED_AUTOS = YES;
				GCC_WARN_UNUSED_FUNCTION = YES;
				GCC_WARN_UNUSED_VARIABLE = YES;
				HEADER_SEARCH_PATHS = (
					"\"$(TARGET_BUILD_DIR)/usr/local/lib/include\"",
					"\"$(OBJROOT)/UninstalledProducts/include\"",
					"\"$(BUILT_PRODUCTS_DIR)\"",
				);
				IPHONEOS_DEPLOYMENT_TARGET = 5.0;
				ONLY_ACTIVE_ARCH = YES;
				OTHER_LDFLAGS = (
					"-weak_framework",
					CoreFoundation,
					"-weak_framework",
					UIKit,
					"-weak_framework",
					AVFoundation,
					"-weak_framework",
					CoreMedia,
					"-weak-lSystem",
					"-force_load",
					"\"$(BUILT_PRODUCTS_DIR)/libCordova.a\"",
					"-ObjC",
				);
				SDKROOT = iphoneos;
				SKIP_INSTALL = NO;
				USER_HEADER_SEARCH_PATHS = "";
			};
			name = Debug;
		};
		C01FCF5008A954540054247B /* Release */ = {
			isa = XCBuildConfiguration;
			buildSettings = {
				CLANG_ENABLE_OBJC_ARC = YES;
				CLANG_WARN_BOOL_CONVERSION = YES;
				CLANG_WARN_CONSTANT_CONVERSION = YES;
				CLANG_WARN_EMPTY_BODY = YES;
				CLANG_WARN_ENUM_CONVERSION = YES;
				CLANG_WARN_INT_CONVERSION = YES;
				CLANG_WARN__DUPLICATE_METHOD_MATCH = YES;
				"CODE_SIGN_IDENTITY[sdk=iphoneos*]" = "iPhone Developer";
				GCC_C_LANGUAGE_STANDARD = c99;
				GCC_THUMB_SUPPORT = NO;
				GCC_VERSION = "";
				GCC_WARN_ABOUT_RETURN_TYPE = YES;
				GCC_WARN_UNDECLARED_SELECTOR = YES;
				GCC_WARN_UNINITIALIZED_AUTOS = YES;
				GCC_WARN_UNUSED_FUNCTION = YES;
				GCC_WARN_UNUSED_VARIABLE = YES;
				HEADER_SEARCH_PATHS = (
					"\"$(TARGET_BUILD_DIR)/usr/local/lib/include\"",
					"\"$(OBJROOT)/UninstalledProducts/include\"",
					"\"$(BUILT_PRODUCTS_DIR)\"",
				);
				IPHONEOS_DEPLOYMENT_TARGET = 5.0;
				OTHER_LDFLAGS = (
					"-weak_framework",
					CoreFoundation,
					"-weak_framework",
					UIKit,
					"-weak_framework",
					AVFoundation,
					"-weak_framework",
					CoreMedia,
					"-weak-lSystem",
					"-force_load",
					"\"$(BUILT_PRODUCTS_DIR)/libCordova.a\"",
					"-ObjC",
				);
				SDKROOT = iphoneos;
				SKIP_INSTALL = NO;
				USER_HEADER_SEARCH_PATHS = "";
			};
			name = Release;
		};
/* End XCBuildConfiguration section */

/* Begin XCConfigurationList section */
		1D6058960D05DD3E006BFB54 /* Build configuration list for PBXNativeTarget "GeoMessages" */ = {
			isa = XCConfigurationList;
			buildConfigurations = (
				1D6058940D05DD3E006BFB54 /* Debug */,
				1D6058950D05DD3E006BFB54 /* Release */,
			);
			defaultConfigurationIsVisible = 0;
			defaultConfigurationName = Release;
		};
		C01FCF4E08A954540054247B /* Build configuration list for PBXProject "__CLI__" */ = {
			isa = XCConfigurationList;
			buildConfigurations = (
				C01FCF4F08A954540054247B /* Debug */,
				C01FCF5008A954540054247B /* Release */,
			);
			defaultConfigurationIsVisible = 0;
			defaultConfigurationName = Release;
		};
/* End XCConfigurationList section */
	};
	rootObject = 29B97313FDCFA39411CA2CEA /* Project object */;
}
